
Microsoft Visual Studio Solution File, Format Version 12.00
# Visual Studio Version 17
VisualStudioVersion = 17.7.34003.232
MinimumVisualStudioVersion = 10.0.40219.1
Project("{FAE04EC0-301F-11D3-BF4B-00C04F79EFBC}") = "WpfApp1", "WpfApp1\WpfApp1.csproj", "{535BDB6E-3FA0-4348-92BC-C5A6D7E3192E}"
EndProject
Global
	GlobalSection(SolutionConfigurationPlatforms) = preSolution
		Debug|Any CPU = Debug|Any CPU
		Release|Any CPU = Release|Any CPU
	EndGlobalSection
	GlobalSection(ProjectConfigurationPlatforms) = postSolution
		{535BDB6E-3FA0-4348-92BC-C5A6D7E3192E}.Debug|Any CPU.ActiveCfg = Debug|Any CPU
		{535BDB6E-3FA0-4348-92BC-C5A6D7E3192E}.Debug|Any CPU.Build.0 = Debug|Any CPU
		{535BDB6E-3FA0-4348-92BC-C5A6D7E3192E}.Release|Any CPU.ActiveCfg = Release|Any CPU
		{535BDB6E-3FA0-4348-92BC-C5A6D7E3192E}.Release|Any CPU.Build.0 = Release|Any CPU
	EndGlobalSection
	GlobalSection(SolutionProperties) = preSolution
		HideSolutionNode = FALSE
	EndGlobalSection
	GlobalSection(ExtensibilityGlobals) = postSolution
		SolutionGuid = {175F0D86-2B22-45E8-BEC1-52FEDCDAFE48}
	EndGlobalSection
EndGlobal
